{
  "manifest_version": "1.0.0",
  "global_verification_timestamp": 1789389287,
  "total_verified_lemmas": 198,
  "locked_registry": {
    "SVE_L029_auto_generated": {
      "lemma_id": "SVE_L029_auto_generated",
      "structural_hash": "6e70e138ba22ce8c753924998d6ba5a8439d6f37f54b066d84e31d1c91ee49d3",
      "compiled_nodes_count": 3
    },
    "SVE_L201_void": {
      "lemma_id": "SVE_L201_void",
      "structural_hash": "6e70e138ba22ce8c753924998d6ba5a8439d6f37f54b066d84e31d1c91ee49d3",
      "compiled_nodes_count": 3
    },
    "SVE_L021_auto_generated": {
      "lemma_id": "SVE_L021_auto_generated",
      "structural_hash": "6e70e138ba22ce8c753924998d6ba5a8439d6f37f54b066d84e31d1c91ee49d3",
      "compiled_nodes_count": 3
    },
    "SVE_L028_auto_generated": {
      "lemma_id": "SVE_L028_auto_generated",
      "structural_hash": "6e70e138ba22ce8c753924998d6ba5a8439d6f37f54b066d84e31d1c91ee49d3",
      "compiled_nodes_count": 3
    },
    "SVE_L3004_auto_generated": {
      "lemma_id": "SVE_L3004_auto_generated",
      "structural_hash": "6e70e138ba22ce8c753924998d6ba5a8439d6f37f54b066d84e31d1c91ee49d3",
      "compiled_nodes_count": 3
    },
    "SVE_L045_auto_generated": {
      "lemma_id": "SVE_L045_auto_generated",
      "structural_hash": "6e70e138ba22ce8c753924998d6ba5a8439d6f37f54b066d84e31d1c91ee49d3",
      "compiled_nodes_count": 3
    },
    "SVE_L018_auto_generated": {
      "lemma_id": "SVE_L018_auto_generated",
      "structural_hash": "6e70e138ba22ce8c753924998d6ba5a8439d6f37f54b066d84e31d1c91ee49d3",
      "compiled_nodes_count": 3
    },
    "SVE_L098_auto_generated": {
      "lemma_id": "SVE_L098_auto_generated",
      "structural_hash": "6e70e138ba22ce8c753924998d6ba5a8439d6f37f54b066d84e31d1c91ee49d3",
      "compiled_nodes_count": 3
    },
    "SVE_L075_auto_generated": {
      "lemma_id": "SVE_L075_auto_generated",
      "structural_hash": "6e70e138ba22ce8c753924998d6ba5a8439d6f37f54b066d84e31d1c91ee49d3",
      "compiled_nodes_count": 3
    },
    "SVE_L001_auto_generated": {
      "lemma_id": "SVE_L001_auto_generated",
      "structural_hash": "6e70e138ba22ce8c753924998d6ba5a8439d6f37f54b066d84e31d1c91ee49d3",
      "compiled_nodes_count": 3
    },
    "SVE_L036_auto_generated": {
      "lemma_id": "SVE_L036_auto_generated",
      "structural_hash": "6e70e138ba22ce8c753924998d6ba5a8439d6f37f54b066d84e31d1c91ee49d3",
      "compiled_nodes_count": 3
    },
    "SVE_L3021_auto_generated": {
      "lemma_id": "SVE_L3021_auto_generated",
      "structural_hash": "6e70e138ba22ce8c753924998d6ba5a8439d6f37f54b066d84e31d1c91ee49d3",
      "compiled_nodes_count": 3
    },
    "SVE_L3026_auto_generated": {
      "lemma_id": "SVE_L3026_auto_generated",
      "structural_hash": "6e70e138ba22ce8c753924998d6ba5a8439d6f37f54b066d84e31d1c91ee49d3",
      "compiled_nodes_count": 3
    },
    "LOGOS_007_beggingquestion": {
      "lemma_id": "LOGOS_007_beggingquestion",
      "structural_hash": "d0d879dd6c5cec60f485f2d37027eb15ed74319d2f7ff020555122a13227df91",
      "compiled_nodes_count": 3
    },
    "SVE_L3008_auto_generated": {
      "lemma_id": "SVE_L3008_auto_generated",
      "structural_hash": "6e70e138ba22ce8c753924998d6ba5a8439d6f37f54b066d84e31d1c91ee49d3",
      "compiled_nodes_count": 3
    },
    "SVE_L105_auto_generated": {
      "lemma_id": "SVE_L105_auto_generated",
      "structural_hash": "6e70e138ba22ce8c753924998d6ba5a8439d6f37f54b066d84e31d1c91ee49d3",
      "compiled_nodes_count": 3
    },
    "SVE_L031_auto_generated": {
      "lemma_id": "SVE_L031_auto_generated",
      "structural_hash": "6e70e138ba22ce8c753924998d6ba5a8439d6f37f54b066d84e31d1c91ee49d3",
      "compiled_nodes_count": 3
    },
    "SVE_L007_auto_generated": {
      "lemma_id": "SVE_L007_auto_generated",
      "structural_hash": "6e70e138ba22ce8c753924998d6ba5a8439d6f37f54b066d84e31d1c91ee49d3",
      "compiled_nodes_count": 3
    },
    "SVE_L3025_auto_generated": {
      "lemma_id": "SVE_L3025_auto_generated",
      "structural_hash": "6e70e138ba22ce8c753924998d6ba5a8439d6f37f54b066d84e31d1c91ee49d3",
      "compiled_nodes_count": 3
    },
    "SVE_L046_auto_generated": {
      "lemma_id": "SVE_L046_auto_generated",
      "structural_hash": "6e70e138ba22ce8c753924998d6ba5a8439d6f37f54b066d84e31d1c91ee49d3",
      "compiled_nodes_count": 3
    },
    "SVE_L143_auto_generated": {
      "lemma_id": "SVE_L143_auto_generated",
      "structural_hash": "6e70e138ba22ce8c753924998d6ba5a8439d6f37f54b066d84e31d1c91ee49d3",
      "compiled_nodes_count": 3
    },
    "SVE_L134_auto_generated": {
      "lemma_id": "SVE_L134_auto_generated",
      "structural_hash": "6e70e138ba22ce8c753924998d6ba5a8439d6f37f54b066d84e31d1c91ee49d3",
      "compiled_nodes_count": 3
    },
    "SVE_L082_auto_generated": {
      "lemma_id": "SVE_L082_auto_generated",
      "structural_hash": "6e70e138ba22ce8c753924998d6ba5a8439d6f37f54b066d84e31d1c91ee49d3",
      "compiled_nodes_count": 3
    },
    "SVE_L089_auto_generated": {
      "lemma_id": "SVE_L089_auto_generated",
      "structural_hash": "6e70e138ba22ce8c753924998d6ba5a8439d6f37f54b066d84e31d1c91ee49d3",
      "compiled_nodes_count": 3
    },
    "SVE_L054_auto_generated": {
      "lemma_id": "SVE_L054_auto_generated",
      "structural_hash": "6e70e138ba22ce8c753924998d6ba5a8439d6f37f54b066d84e31d1c91ee49d3",
      "compiled_nodes_count": 3
    },
    "SVE_L3014_auto_generated": {
      "lemma_id": "SVE_L3014_auto_generated",
      "structural_hash": "6e70e138ba22ce8c753924998d6ba5a8439d6f37f54b066d84e31d1c91ee49d3",
      "compiled_nodes_count": 3
    },
    "SVE_L101_auto_generated": {
      "lemma_id": "SVE_L101_auto_generated",
      "structural_hash": "6e70e138ba22ce8c753924998d6ba5a8439d6f37f54b066d84e31d1c91ee49d3",
      "compiled_nodes_count": 3
    },
    "SVE_L601_drift": {
      "lemma_id": "SVE_L601_drift",
      "structural_hash": "6e70e138ba22ce8c753924998d6ba5a8439d6f37f54b066d84e31d1c91ee49d3",
      "compiled_nodes_count": 3
    },
    "SVE_L133_auto_generated": {
      "lemma_id": "SVE_L133_auto_generated",
      "structural_hash": "6e70e138ba22ce8c753924998d6ba5a8439d6f37f54b066d84e31d1c91ee49d3",
      "compiled_nodes_count": 3
    },
    "SVE_L142_auto_generated": {
      "lemma_id": "SVE_L142_auto_generated",
      "structural_hash": "6e70e138ba22ce8c753924998d6ba5a8439d6f37f54b066d84e31d1c91ee49d3",
      "compiled_nodes_count": 3
    },
    "SVE_L049_auto_generated": {
      "lemma_id": "SVE_L049_auto_generated",
      "structural_hash": "6e70e138ba22ce8c753924998d6ba5a8439d6f37f54b066d84e31d1c91ee49d3",
      "compiled_nodes_count": 3
    },
    "SVE_L020_auto_generated": {
      "lemma_id": "SVE_L020_auto_generated",
      "structural_hash": "6e70e138ba22ce8c753924998d6ba5a8439d6f37f54b066d84e31d1c91ee49d3",
      "compiled_nodes_count": 3
    },
    "SVE_L3019_auto_generated": {
      "lemma_id": "SVE_L3019_auto_generated",
      "structural_hash": "6e70e138ba22ce8c753924998d6ba5a8439d6f37f54b066d84e31d1c91ee49d3",
      "compiled_nodes_count": 3
    },
    "SVE_L102_ad_hominem": {
      "lemma_id": "SVE_L102_ad_hominem",
      "structural_hash": "6e70e138ba22ce8c753924998d6ba5a8439d6f37f54b066d84e31d1c91ee49d3",
      "compiled_nodes_count": 3
    },
    "SVE_L085_auto_generated": {
      "lemma_id": "SVE_L085_auto_generated",
      "structural_hash": "6e70e138ba22ce8c753924998d6ba5a8439d6f37f54b066d84e31d1c91ee49d3",
      "compiled_nodes_count": 3
    },
    "SVE_L128_auto_generated": {
      "lemma_id": "SVE_L128_auto_generated",
      "structural_hash": "6e70e138ba22ce8c753924998d6ba5a8439d6f37f54b066d84e31d1c91ee49d3",
      "compiled_nodes_count": 3
    },
    "SVE_L023_auto_generated": {
      "lemma_id": "SVE_L023_auto_generated",
      "structural_hash": "6e70e138ba22ce8c753924998d6ba5a8439d6f37f54b066d84e31d1c91ee49d3",
      "compiled_nodes_count": 3
    },
    "SVE_L059_auto_generated": {
      "lemma_id": "SVE_L059_auto_generated",
      "structural_hash": "6e70e138ba22ce8c753924998d6ba5a8439d6f37f54b066d84e31d1c91ee49d3",
      "compiled_nodes_count": 3
    },
    "SVE_L100_auto_generated": {
      "lemma_id": "SVE_L100_auto_generated",
      "structural_hash": "6e70e138ba22ce8c753924998d6ba5a8439d6f37f54b066d84e31d1c91ee49d3",
      "compiled_nodes_count": 3
    },
    "SVE_L092_auto_generated": {
      "lemma_id": "SVE_L092_auto_generated",
      "structural_hash": "6e70e138ba22ce8c753924998d6ba5a8439d6f37f54b066d84e31d1c91ee49d3",
      "compiled_nodes_count": 3
    },
    "SVE_L130_auto_generated": {
      "lemma_id": "SVE_L130_auto_generated",
      "structural_hash": "6e70e138ba22ce8c753924998d6ba5a8439d6f37f54b066d84e31d1c91ee49d3",
      "compiled_nodes_count": 3
    },
    "SVE_L080_auto_generated": {
      "lemma_id": "SVE_L080_auto_generated",
      "structural_hash": "6e70e138ba22ce8c753924998d6ba5a8439d6f37f54b066d84e31d1c91ee49d3",
      "compiled_nodes_count": 3
    },
    "SVE_L141_auto_generated": {
      "lemma_id": "SVE_L141_auto_generated",
      "structural_hash": "6e70e138ba22ce8c753924998d6ba5a8439d6f37f54b066d84e31d1c91ee49d3",
      "compiled_nodes_count": 3
    },
    "SVE_L3024_auto_generated": {
      "lemma_id": "SVE_L3024_auto_generated",
      "structural_hash": "6e70e138ba22ce8c753924998d6ba5a8439d6f37f54b066d84e31d1c91ee49d3",
      "compiled_nodes_count": 3
    },
    "SVE_L144_worst_case": {
      "lemma_id": "SVE_L144_worst_case",
      "structural_hash": "6e70e138ba22ce8c753924998d6ba5a8439d6f37f54b066d84e31d1c91ee49d3",
      "compiled_nodes_count": 3
    },
    "SVE_L112_auto_generated": {
      "lemma_id": "SVE_L112_auto_generated",
      "structural_hash": "6e70e138ba22ce8c753924998d6ba5a8439d6f37f54b066d84e31d1c91ee49d3",
      "compiled_nodes_count": 3
    },
    "SVE_L999_ZULIP_REJECTION_REPORT": {
      "lemma_id": "SVE_L999_ZULIP_REJECTION_REPORT",
      "structural_hash": "6e70e138ba22ce8c753924998d6ba5a8439d6f37f54b066d84e31d1c91ee49d3",
      "compiled_nodes_count": 3
    },
    "SVE_L035_auto_generated": {
      "lemma_id": "SVE_L035_auto_generated",
      "structural_hash": "6e70e138ba22ce8c753924998d6ba5a8439d6f37f54b066d84e31d1c91ee49d3",
      "compiled_nodes_count": 3
    },
    "SVE_L3011_auto_generated": {
      "lemma_id": "SVE_L3011_auto_generated",
      "structural_hash": "6e70e138ba22ce8c753924998d6ba5a8439d6f37f54b066d84e31d1c91ee49d3",
      "compiled_nodes_count": 3
    },
    "SVE_L3007_auto_generated": {
      "lemma_id": "SVE_L3007_auto_generated",
      "structural_hash": "6e70e138ba22ce8c753924998d6ba5a8439d6f37f54b066d84e31d1c91ee49d3",
      "compiled_nodes_count": 3
    },
    "SVE_L3009_auto_generated": {
      "lemma_id": "SVE_L3009_auto_generated",
      "structural_hash": "6e70e138ba22ce8c753924998d6ba5a8439d6f37f54b066d84e31d1c91ee49d3",
      "compiled_nodes_count": 3
    },
    "SVE_L003_auto_generated": {
      "lemma_id": "SVE_L003_auto_generated",
      "structural_hash": "6e70e138ba22ce8c753924998d6ba5a8439d6f37f54b066d84e31d1c91ee49d3",
      "compiled_nodes_count": 3
    },
    "SVE_L025_auto_generated": {
      "lemma_id": "SVE_L025_auto_generated",
      "structural_hash": "6e70e138ba22ce8c753924998d6ba5a8439d6f37f54b066d84e31d1c91ee49d3",
      "compiled_nodes_count": 3
    },
    "SVE_L094_auto_generated": {
      "lemma_id": "SVE_L094_auto_generated",
      "structural_hash": "6e70e138ba22ce8c753924998d6ba5a8439d6f37f54b066d84e31d1c91ee49d3",
      "compiled_nodes_count": 3
    },
    "SVE_L071_auto_generated": {
      "lemma_id": "SVE_L071_auto_generated",
      "structural_hash": "6e70e138ba22ce8c753924998d6ba5a8439d6f37f54b066d84e31d1c91ee49d3",
      "compiled_nodes_count": 3
    },
    "SVE_L013_auto_generated": {
      "lemma_id": "SVE_L013_auto_generated",
      "structural_hash": "6e70e138ba22ce8c753924998d6ba5a8439d6f37f54b066d84e31d1c91ee49d3",
      "compiled_nodes_count": 3
    },
    "LOGOS_009_strawman": {
      "lemma_id": "LOGOS_009_strawman",
      "structural_hash": "2030cb5b2470d6965248c485971f6e4f5fbe6c5a4c66ca53bc9f28efd5123a31",
      "compiled_nodes_count": 3
    },
    "SVE_L073_auto_generated": {
      "lemma_id": "SVE_L073_auto_generated",
      "structural_hash": "6e70e138ba22ce8c753924998d6ba5a8439d6f37f54b066d84e31d1c91ee49d3",
      "compiled_nodes_count": 3
    },
    "LOGOS_003_adhominem": {
      "lemma_id": "LOGOS_003_adhominem",
      "structural_hash": "b76ca6a1fd71ba05a310fa0743ea3d6036006be68441b489cd289e6b8df7c873",
      "compiled_nodes_count": 4
    },
    "SVE_L3020_auto_generated": {
      "lemma_id": "SVE_L3020_auto_generated",
      "structural_hash": "6e70e138ba22ce8c753924998d6ba5a8439d6f37f54b066d84e31d1c91ee49d3",
      "compiled_nodes_count": 3
    },
    "SVE_L095_auto_generated": {
      "lemma_id": "SVE_L095_auto_generated",
      "structural_hash": "6e70e138ba22ce8c753924998d6ba5a8439d6f37f54b066d84e31d1c91ee49d3",
      "compiled_nodes_count": 3
    },
    "SVE_L072_auto_generated": {
      "lemma_id": "SVE_L072_auto_generated",
      "structural_hash": "6e70e138ba22ce8c753924998d6ba5a8439d6f37f54b066d84e31d1c91ee49d3",
      "compiled_nodes_count": 3
    },
    "SVE_L069_auto_generated": {
      "lemma_id": "SVE_L069_auto_generated",
      "structural_hash": "6e70e138ba22ce8c753924998d6ba5a8439d6f37f54b066d84e31d1c91ee49d3",
      "compiled_nodes_count": 3
    },
    "SVE_L129_auto_generated": {
      "lemma_id": "SVE_L129_auto_generated",
      "structural_hash": "6e70e138ba22ce8c753924998d6ba5a8439d6f37f54b066d84e31d1c91ee49d3",
      "compiled_nodes_count": 3
    },
    "SVE_L3018_auto_generated": {
      "lemma_id": "SVE_L3018_auto_generated",
      "structural_hash": "6e70e138ba22ce8c753924998d6ba5a8439d6f37f54b066d84e31d1c91ee49d3",
      "compiled_nodes_count": 3
    },
    "SVE_L076_auto_generated": {
      "lemma_id": "SVE_L076_auto_generated",
      "structural_hash": "6e70e138ba22ce8c753924998d6ba5a8439d6f37f54b066d84e31d1c91ee49d3",
      "compiled_nodes_count": 3
    },
    "SVE_L107_auto_generated": {
      "lemma_id": "SVE_L107_auto_generated",
      "structural_hash": "6e70e138ba22ce8c753924998d6ba5a8439d6f37f54b066d84e31d1c91ee49d3",
      "compiled_nodes_count": 3
    },
    "SVE_L3003_auto_generated": {
      "lemma_id": "SVE_L3003_auto_generated",
      "structural_hash": "6e70e138ba22ce8c753924998d6ba5a8439d6f37f54b066d84e31d1c91ee49d3",
      "compiled_nodes_count": 3
    },
    "SVE_L074_auto_generated": {
      "lemma_id": "SVE_L074_auto_generated",
      "structural_hash": "6e70e138ba22ce8c753924998d6ba5a8439d6f37f54b066d84e31d1c91ee49d3",
      "compiled_nodes_count": 3
    },
    "SVE_L109_auto_generated": {
      "lemma_id": "SVE_L109_auto_generated",
      "structural_hash": "6e70e138ba22ce8c753924998d6ba5a8439d6f37f54b066d84e31d1c91ee49d3",
      "compiled_nodes_count": 3
    },
    "SVE_L026_auto_generated": {
      "lemma_id": "SVE_L026_auto_generated",
      "structural_hash": "6e70e138ba22ce8c753924998d6ba5a8439d6f37f54b066d84e31d1c91ee49d3",
      "compiled_nodes_count": 3
    },
    "SVE_L057_auto_generated": {
      "lemma_id": "SVE_L057_auto_generated",
      "structural_hash": "6e70e138ba22ce8c753924998d6ba5a8439d6f37f54b066d84e31d1c91ee49d3",
      "compiled_nodes_count": 3
    },
    "SVE_L136_auto_generated": {
      "lemma_id": "SVE_L136_auto_generated",
      "structural_hash": "6e70e138ba22ce8c753924998d6ba5a8439d6f37f54b066d84e31d1c91ee49d3",
      "compiled_nodes_count": 3
    },
    "SVE_L009_auto_generated": {
      "lemma_id": "SVE_L009_auto_generated",
      "structural_hash": "6e70e138ba22ce8c753924998d6ba5a8439d6f37f54b066d84e31d1c91ee49d3",
      "compiled_nodes_count": 3
    },
    "SVE_L104_auto_generated": {
      "lemma_id": "SVE_L104_auto_generated",
      "structural_hash": "6e70e138ba22ce8c753924998d6ba5a8439d6f37f54b066d84e31d1c91ee49d3",
      "compiled_nodes_count": 3
    },
    "SVE_L124_auto_generated": {
      "lemma_id": "SVE_L124_auto_generated",
      "structural_hash": "6e70e138ba22ce8c753924998d6ba5a8439d6f37f54b066d84e31d1c91ee49d3",
      "compiled_nodes_count": 3
    },
    "SVE_L115_auto_generated": {
      "lemma_id": "SVE_L115_auto_generated",
      "structural_hash": "6e70e138ba22ce8c753924998d6ba5a8439d6f37f54b066d84e31d1c91ee49d3",
      "compiled_nodes_count": 3
    },
    "SVE_L402_stochastic": {
      "lemma_id": "SVE_L402_stochastic",
      "structural_hash": "6e70e138ba22ce8c753924998d6ba5a8439d6f37f54b066d84e31d1c91ee49d3",
      "compiled_nodes_count": 3
    },
    "SVE_L006_auto_generated": {
      "lemma_id": "SVE_L006_auto_generated",
      "structural_hash": "6e70e138ba22ce8c753924998d6ba5a8439d6f37f54b066d84e31d1c91ee49d3",
      "compiled_nodes_count": 3
    },
    "SVE_L117_auto_generated": {
      "lemma_id": "SVE_L117_auto_generated",
      "structural_hash": "6e70e138ba22ce8c753924998d6ba5a8439d6f37f54b066d84e31d1c91ee49d3",
      "compiled_nodes_count": 3
    },
    "SVE_L062_auto_generated": {
      "lemma_id": "SVE_L062_auto_generated",
      "structural_hash": "6e70e138ba22ce8c753924998d6ba5a8439d6f37f54b066d84e31d1c91ee49d3",
      "compiled_nodes_count": 3
    },
    "SVE_L145_auto_generated": {
      "lemma_id": "SVE_L145_auto_generated",
      "structural_hash": "6e70e138ba22ce8c753924998d6ba5a8439d6f37f54b066d84e31d1c91ee49d3",
      "compiled_nodes_count": 3
    },
    "SVE_L086_auto_generated": {
      "lemma_id": "SVE_L086_auto_generated",
      "structural_hash": "6e70e138ba22ce8c753924998d6ba5a8439d6f37f54b066d84e31d1c91ee49d3",
      "compiled_nodes_count": 3
    },
    "SVE_L083_auto_generated": {
      "lemma_id": "SVE_L083_auto_generated",
      "structural_hash": "6e70e138ba22ce8c753924998d6ba5a8439d6f37f54b066d84e31d1c91ee49d3",
      "compiled_nodes_count": 3
    },
    "SVE_L010_auto_generated": {
      "lemma_id": "SVE_L010_auto_generated",
      "structural_hash": "6e70e138ba22ce8c753924998d6ba5a8439d6f37f54b066d84e31d1c91ee49d3",
      "compiled_nodes_count": 3
    },
    "SVE_L3001_auto_generated": {
      "lemma_id": "SVE_L3001_auto_generated",
      "structural_hash": "6e70e138ba22ce8c753924998d6ba5a8439d6f37f54b066d84e31d1c91ee49d3",
      "compiled_nodes_count": 3
    },
    "SVE_L103_auto_generated": {
      "lemma_id": "SVE_L103_auto_generated",
      "structural_hash": "6e70e138ba22ce8c753924998d6ba5a8439d6f37f54b066d84e31d1c91ee49d3",
      "compiled_nodes_count": 3
    },
    "SVE_L3005_auto_generated": {
      "lemma_id": "SVE_L3005_auto_generated",
      "structural_hash": "6e70e138ba22ce8c753924998d6ba5a8439d6f37f54b066d84e31d1c91ee49d3",
      "compiled_nodes_count": 3
    },
    "LOGOS_010_composition": {
      "lemma_id": "LOGOS_010_composition",
      "structural_hash": "29231acdc42ccceb4699bccf1f81c5694e8e2cde3b182bbe3bb877c8ed824f31",
      "compiled_nodes_count": 3
    },
    "SVE_L042_auto_generated": {
      "lemma_id": "SVE_L042_auto_generated",
      "structural_hash": "6e70e138ba22ce8c753924998d6ba5a8439d6f37f54b066d84e31d1c91ee49d3",
      "compiled_nodes_count": 3
    },
    "SVE_L030_auto_generated": {
      "lemma_id": "SVE_L030_auto_generated",
      "structural_hash": "6e70e138ba22ce8c753924998d6ba5a8439d6f37f54b066d84e31d1c91ee49d3",
      "compiled_nodes_count": 3
    },
    "SVE_L139_auto_generated": {
      "lemma_id": "SVE_L139_auto_generated",
      "structural_hash": "6e70e138ba22ce8c753924998d6ba5a8439d6f37f54b066d84e31d1c91ee49d3",
      "compiled_nodes_count": 3
    },
    "SVE_L012_auto_generated": {
      "lemma_id": "SVE_L012_auto_generated",
      "structural_hash": "6e70e138ba22ce8c753924998d6ba5a8439d6f37f54b066d84e31d1c91ee49d3",
      "compiled_nodes_count": 3
    },
    "SVE_L199_tu_quoque_proposal": {
      "lemma_id": "SVE_L199_tu_quoque_proposal",
      "structural_hash": "6e70e138ba22ce8c753924998d6ba5a8439d6f37f54b066d84e31d1c91ee49d3",
      "compiled_nodes_count": 3
    },
    "SVE_L144_auto_generated": {
      "lemma_id": "SVE_L144_auto_generated",
      "structural_hash": "6e70e138ba22ce8c753924998d6ba5a8439d6f37f54b066d84e31d1c91ee49d3",
      "compiled_nodes_count": 3
    },
    "SVE_L127_auto_generated": {
      "lemma_id": "SVE_L127_auto_generated",
      "structural_hash": "6e70e138ba22ce8c753924998d6ba5a8439d6f37f54b066d84e31d1c91ee49d3",
      "compiled_nodes_count": 3
    },
    "SVE_L060_auto_generated": {
      "lemma_id": "SVE_L060_auto_generated",
      "structural_hash": "6e70e138ba22ce8c753924998d6ba5a8439d6f37f54b066d84e31d1c91ee49d3",
      "compiled_nodes_count": 3
    },
    "SVE_L3017_auto_generated": {
      "lemma_id": "SVE_L3017_auto_generated",
      "structural_hash": "6e70e138ba22ce8c753924998d6ba5a8439d6f37f54b066d84e31d1c91ee49d3",
      "compiled_nodes_count": 3
    },
    "SVE_L091_auto_generated": {
      "lemma_id": "SVE_L091_auto_generated",
      "structural_hash": "6e70e138ba22ce8c753924998d6ba5a8439d6f37f54b066d84e31d1c91ee49d3",
      "compiled_nodes_count": 3
    },
    "SVE_L040_auto_generated": {
      "lemma_id": "SVE_L040_auto_generated",
      "structural_hash": "6e70e138ba22ce8c753924998d6ba5a8439d6f37f54b066d84e31d1c91ee49d3",
      "compiled_nodes_count": 3
    },
    "SVE_L078_auto_generated": {
      "lemma_id": "SVE_L078_auto_generated",
      "structural_hash": "6e70e138ba22ce8c753924998d6ba5a8439d6f37f54b066d84e31d1c91ee49d3",
      "compiled_nodes_count": 3
    },
    "SVE_L016_auto_generated": {
      "lemma_id": "SVE_L016_auto_generated",
      "structural_hash": "6e70e138ba22ce8c753924998d6ba5a8439d6f37f54b066d84e31d1c91ee49d3",
      "compiled_nodes_count": 3
    },
    "SVE_L119_auto_generated": {
      "lemma_id": "SVE_L119_auto_generated",
      "structural_hash": "6e70e138ba22ce8c753924998d6ba5a8439d6f37f54b066d84e31d1c91ee49d3",
      "compiled_nodes_count": 3
    },
    "L102_hasty_generalization_proposal": {
      "lemma_id": "L102_hasty_generalization_proposal",
      "structural_hash": "6e70e138ba22ce8c753924998d6ba5a8439d6f37f54b066d84e31d1c91ee49d3",
      "compiled_nodes_count": 3
    },
    "SVE_L3002_auto_generated": {
      "lemma_id": "SVE_L3002_auto_generated",
      "structural_hash": "6e70e138ba22ce8c753924998d6ba5a8439d6f37f54b066d84e31d1c91ee49d3",
      "compiled_nodes_count": 3
    },
    "SVE_L131_auto_generated": {
      "lemma_id": "SVE_L131_auto_generated",
      "structural_hash": "6e70e138ba22ce8c753924998d6ba5a8439d6f37f54b066d84e31d1c91ee49d3",
      "compiled_nodes_count": 3
    },
    "SVE_L081_auto_generated": {
      "lemma_id": "SVE_L081_auto_generated",
      "structural_hash": "6e70e138ba22ce8c753924998d6ba5a8439d6f37f54b066d84e31d1c91ee49d3",
      "compiled_nodes_count": 3
    },
    "SVE_L104_ZULIP_REJECTION_REPORT": {
      "lemma_id": "SVE_L104_ZULIP_REJECTION_REPORT",
      "structural_hash": "6e70e138ba22ce8c753924998d6ba5a8439d6f37f54b066d84e31d1c91ee49d3",
      "compiled_nodes_count": 3
    },
    "SVE_L050_auto_generated": {
      "lemma_id": "SVE_L050_auto_generated",
      "structural_hash": "6e70e138ba22ce8c753924998d6ba5a8439d6f37f54b066d84e31d1c91ee49d3",
      "compiled_nodes_count": 3
    },
    "SVE_L037_auto_generated": {
      "lemma_id": "SVE_L037_auto_generated",
      "structural_hash": "6e70e138ba22ce8c753924998d6ba5a8439d6f37f54b066d84e31d1c91ee49d3",
      "compiled_nodes_count": 3
    },
    "SVE_L027_auto_generated": {
      "lemma_id": "SVE_L027_auto_generated",
      "structural_hash": "6e70e138ba22ce8c753924998d6ba5a8439d6f37f54b066d84e31d1c91ee49d3",
      "compiled_nodes_count": 3
    },
    "SVE_L008_auto_generated": {
      "lemma_id": "SVE_L008_auto_generated",
      "structural_hash": "6e70e138ba22ce8c753924998d6ba5a8439d6f37f54b066d84e31d1c91ee49d3",
      "compiled_nodes_count": 3
    },
    "SVE_L034_auto_generated": {
      "lemma_id": "SVE_L034_auto_generated",
      "structural_hash": "6e70e138ba22ce8c753924998d6ba5a8439d6f37f54b066d84e31d1c91ee49d3",
      "compiled_nodes_count": 3
    },
    "SVE_L101_circular": {
      "lemma_id": "SVE_L101_circular",
      "structural_hash": "6e70e138ba22ce8c753924998d6ba5a8439d6f37f54b066d84e31d1c91ee49d3",
      "compiled_nodes_count": 3
    },
    "SVE_L123_auto_generated": {
      "lemma_id": "SVE_L123_auto_generated",
      "structural_hash": "6e70e138ba22ce8c753924998d6ba5a8439d6f37f54b066d84e31d1c91ee49d3",
      "compiled_nodes_count": 3
    },
    "SVE_L015_auto_generated": {
      "lemma_id": "SVE_L015_auto_generated",
      "structural_hash": "6e70e138ba22ce8c753924998d6ba5a8439d6f37f54b066d84e31d1c91ee49d3",
      "compiled_nodes_count": 3
    },
    "SVE_L3027_auto_generated": {
      "lemma_id": "SVE_L3027_auto_generated",
      "structural_hash": "6e70e138ba22ce8c753924998d6ba5a8439d6f37f54b066d84e31d1c91ee49d3",
      "compiled_nodes_count": 3
    },
    "SVE_L301_consensus": {
      "lemma_id": "SVE_L301_consensus",
      "structural_hash": "6e70e138ba22ce8c753924998d6ba5a8439d6f37f54b066d84e31d1c91ee49d3",
      "compiled_nodes_count": 3
    },
    "SVE_L055_auto_generated": {
      "lemma_id": "SVE_L055_auto_generated",
      "structural_hash": "6e70e138ba22ce8c753924998d6ba5a8439d6f37f54b066d84e31d1c91ee49d3",
      "compiled_nodes_count": 3
    },
    "SVE_L121_auto_generated": {
      "lemma_id": "SVE_L121_auto_generated",
      "structural_hash": "6e70e138ba22ce8c753924998d6ba5a8439d6f37f54b066d84e31d1c91ee49d3",
      "compiled_nodes_count": 3
    },
    "SVE_L014_auto_generated": {
      "lemma_id": "SVE_L014_auto_generated",
      "structural_hash": "6e70e138ba22ce8c753924998d6ba5a8439d6f37f54b066d84e31d1c91ee49d3",
      "compiled_nodes_count": 3
    },
    "SVE_L087_auto_generated": {
      "lemma_id": "SVE_L087_auto_generated",
      "structural_hash": "6e70e138ba22ce8c753924998d6ba5a8439d6f37f54b066d84e31d1c91ee49d3",
      "compiled_nodes_count": 3
    },
    "SVE_L053_auto_generated": {
      "lemma_id": "SVE_L053_auto_generated",
      "structural_hash": "6e70e138ba22ce8c753924998d6ba5a8439d6f37f54b066d84e31d1c91ee49d3",
      "compiled_nodes_count": 3
    },
    "SVE_L005_auto_generated": {
      "lemma_id": "SVE_L005_auto_generated",
      "structural_hash": "6e70e138ba22ce8c753924998d6ba5a8439d6f37f54b066d84e31d1c91ee49d3",
      "compiled_nodes_count": 3
    },
    "SVE_L102_auto_generated": {
      "lemma_id": "SVE_L102_auto_generated",
      "structural_hash": "6e70e138ba22ce8c753924998d6ba5a8439d6f37f54b066d84e31d1c91ee49d3",
      "compiled_nodes_count": 3
    },
    "SVE_L135_auto_generated": {
      "lemma_id": "SVE_L135_auto_generated",
      "structural_hash": "6e70e138ba22ce8c753924998d6ba5a8439d6f37f54b066d84e31d1c91ee49d3",
      "compiled_nodes_count": 3
    },
    "SVE_L108_auto_generated": {
      "lemma_id": "SVE_L108_auto_generated",
      "structural_hash": "6e70e138ba22ce8c753924998d6ba5a8439d6f37f54b066d84e31d1c91ee49d3",
      "compiled_nodes_count": 3
    },
    "SVE_L3010_auto_generated": {
      "lemma_id": "SVE_L3010_auto_generated",
      "structural_hash": "6e70e138ba22ce8c753924998d6ba5a8439d6f37f54b066d84e31d1c91ee49d3",
      "compiled_nodes_count": 3
    },
    "SVE_L3013_auto_generated": {
      "lemma_id": "SVE_L3013_auto_generated",
      "structural_hash": "6e70e138ba22ce8c753924998d6ba5a8439d6f37f54b066d84e31d1c91ee49d3",
      "compiled_nodes_count": 3
    },
    "SVE_L110_auto_generated": {
      "lemma_id": "SVE_L110_auto_generated",
      "structural_hash": "6e70e138ba22ce8c753924998d6ba5a8439d6f37f54b066d84e31d1c91ee49d3",
      "compiled_nodes_count": 3
    },
    "SVE_L125_auto_generated": {
      "lemma_id": "SVE_L125_auto_generated",
      "structural_hash": "6e70e138ba22ce8c753924998d6ba5a8439d6f37f54b066d84e31d1c91ee49d3",
      "compiled_nodes_count": 3
    },
    "SVE_L044_auto_generated": {
      "lemma_id": "SVE_L044_auto_generated",
      "structural_hash": "6e70e138ba22ce8c753924998d6ba5a8439d6f37f54b066d84e31d1c91ee49d3",
      "compiled_nodes_count": 3
    },
    "SVE_L024_auto_generated": {
      "lemma_id": "SVE_L024_auto_generated",
      "structural_hash": "6e70e138ba22ce8c753924998d6ba5a8439d6f37f54b066d84e31d1c91ee49d3",
      "compiled_nodes_count": 3
    },
    "SVE_L126_auto_generated": {
      "lemma_id": "SVE_L126_auto_generated",
      "structural_hash": "6e70e138ba22ce8c753924998d6ba5a8439d6f37f54b066d84e31d1c91ee49d3",
      "compiled_nodes_count": 3
    },
    "SVE_L048_auto_generated": {
      "lemma_id": "SVE_L048_auto_generated",
      "structural_hash": "6e70e138ba22ce8c753924998d6ba5a8439d6f37f54b066d84e31d1c91ee49d3",
      "compiled_nodes_count": 3
    },
    "SVE_L111_auto_generated": {
      "lemma_id": "SVE_L111_auto_generated",
      "structural_hash": "6e70e138ba22ce8c753924998d6ba5a8439d6f37f54b066d84e31d1c91ee49d3",
      "compiled_nodes_count": 3
    },
    "SVE_L106_auto_generated": {
      "lemma_id": "SVE_L106_auto_generated",
      "structural_hash": "6e70e138ba22ce8c753924998d6ba5a8439d6f37f54b066d84e31d1c91ee49d3",
      "compiled_nodes_count": 3
    },
    "SVE_L3016_auto_generated": {
      "lemma_id": "SVE_L3016_auto_generated",
      "structural_hash": "6e70e138ba22ce8c753924998d6ba5a8439d6f37f54b066d84e31d1c91ee49d3",
      "compiled_nodes_count": 3
    },
    "SVE_L064_auto_generated": {
      "lemma_id": "SVE_L064_auto_generated",
      "structural_hash": "6e70e138ba22ce8c753924998d6ba5a8439d6f37f54b066d84e31d1c91ee49d3",
      "compiled_nodes_count": 3
    },
    "SVE_L077_auto_generated": {
      "lemma_id": "SVE_L077_auto_generated",
      "structural_hash": "6e70e138ba22ce8c753924998d6ba5a8439d6f37f54b066d84e31d1c91ee49d3",
      "compiled_nodes_count": 3
    },
    "SVE_L103_straw_man": {
      "lemma_id": "SVE_L103_straw_man",
      "structural_hash": "6e70e138ba22ce8c753924998d6ba5a8439d6f37f54b066d84e31d1c91ee49d3",
      "compiled_nodes_count": 3
    },
    "SVE_L120_auto_generated": {
      "lemma_id": "SVE_L120_auto_generated",
      "structural_hash": "6e70e138ba22ce8c753924998d6ba5a8439d6f37f54b066d84e31d1c91ee49d3",
      "compiled_nodes_count": 3
    },
    "SVE_L501_single_cause": {
      "lemma_id": "SVE_L501_single_cause",
      "structural_hash": "6e70e138ba22ce8c753924998d6ba5a8439d6f37f54b066d84e31d1c91ee49d3",
      "compiled_nodes_count": 3
    },
    "LOGOS_008_hastygeneralization": {
      "lemma_id": "LOGOS_008_hastygeneralization",
      "structural_hash": "884b85f27e60d9d6f62890b2b82d00cb312244d845b4472aff06383600bde4c1",
      "compiled_nodes_count": 3
    },
    "SVE_L113_auto_generated": {
      "lemma_id": "SVE_L113_auto_generated",
      "structural_hash": "6e70e138ba22ce8c753924998d6ba5a8439d6f37f54b066d84e31d1c91ee49d3",
      "compiled_nodes_count": 3
    },
    "SVE_L3006_auto_generated": {
      "lemma_id": "SVE_L3006_auto_generated",
      "structural_hash": "6e70e138ba22ce8c753924998d6ba5a8439d6f37f54b066d84e31d1c91ee49d3",
      "compiled_nodes_count": 3
    },
    "SVE_L079_auto_generated": {
      "lemma_id": "SVE_L079_auto_generated",
      "structural_hash": "6e70e138ba22ce8c753924998d6ba5a8439d6f37f54b066d84e31d1c91ee49d3",
      "compiled_nodes_count": 3
    },
    "SVE_L084_auto_generated": {
      "lemma_id": "SVE_L084_auto_generated",
      "structural_hash": "6e70e138ba22ce8c753924998d6ba5a8439d6f37f54b066d84e31d1c91ee49d3",
      "compiled_nodes_count": 3
    },
    "SVE_L061_auto_generated": {
      "lemma_id": "SVE_L061_auto_generated",
      "structural_hash": "6e70e138ba22ce8c753924998d6ba5a8439d6f37f54b066d84e31d1c91ee49d3",
      "compiled_nodes_count": 3
    },
    "SVE_L132_auto_generated": {
      "lemma_id": "SVE_L132_auto_generated",
      "structural_hash": "6e70e138ba22ce8c753924998d6ba5a8439d6f37f54b066d84e31d1c91ee49d3",
      "compiled_nodes_count": 3
    },
    "SVE_L121_slippery_slope_proposal": {
      "lemma_id": "SVE_L121_slippery_slope_proposal",
      "structural_hash": "6e70e138ba22ce8c753924998d6ba5a8439d6f37f54b066d84e31d1c91ee49d3",
      "compiled_nodes_count": 3
    },
    "LOGOS_006_baserate": {
      "lemma_id": "LOGOS_006_baserate",
      "structural_hash": "908a5ce49fe751009eacf981ec1639214ca60c707c63f7c58b394d342a951891",
      "compiled_nodes_count": 4
    },
    "SVE_L039_auto_generated": {
      "lemma_id": "SVE_L039_auto_generated",
      "structural_hash": "6e70e138ba22ce8c753924998d6ba5a8439d6f37f54b066d84e31d1c91ee49d3",
      "compiled_nodes_count": 3
    },
    "SVE_L116_auto_generated": {
      "lemma_id": "SVE_L116_auto_generated",
      "structural_hash": "6e70e138ba22ce8c753924998d6ba5a8439d6f37f54b066d84e31d1c91ee49d3",
      "compiled_nodes_count": 3
    },
    "LOGOS_002_adhoc": {
      "lemma_id": "LOGOS_002_adhoc",
      "structural_hash": "85439d5eede97229263b7adc0c90d829867fb8f63962964c209325fb78440067",
      "compiled_nodes_count": 4
    },
    "SVE_L068_auto_generated": {
      "lemma_id": "SVE_L068_auto_generated",
      "structural_hash": "6e70e138ba22ce8c753924998d6ba5a8439d6f37f54b066d84e31d1c91ee49d3",
      "compiled_nodes_count": 3
    },
    "SVE_L051_auto_generated": {
      "lemma_id": "SVE_L051_auto_generated",
      "structural_hash": "6e70e138ba22ce8c753924998d6ba5a8439d6f37f54b066d84e31d1c91ee49d3",
      "compiled_nodes_count": 3
    },
    "SVE_L122_false_dilemma": {
      "lemma_id": "SVE_L122_false_dilemma",
      "structural_hash": "6e70e138ba22ce8c753924998d6ba5a8439d6f37f54b066d84e31d1c91ee49d3",
      "compiled_nodes_count": 3
    },
    "SVE_L3015_auto_generated": {
      "lemma_id": "SVE_L3015_auto_generated",
      "structural_hash": "6e70e138ba22ce8c753924998d6ba5a8439d6f37f54b066d84e31d1c91ee49d3",
      "compiled_nodes_count": 3
    },
    "SVE_L090_auto_generated": {
      "lemma_id": "SVE_L090_auto_generated",
      "structural_hash": "6e70e138ba22ce8c753924998d6ba5a8439d6f37f54b066d84e31d1c91ee49d3",
      "compiled_nodes_count": 3
    },
    "SVE_L063_auto_generated": {
      "lemma_id": "SVE_L063_auto_generated",
      "structural_hash": "6e70e138ba22ce8c753924998d6ba5a8439d6f37f54b066d84e31d1c91ee49d3",
      "compiled_nodes_count": 3
    },
    "SVE_L011_auto_generated": {
      "lemma_id": "SVE_L011_auto_generated",
      "structural_hash": "6e70e138ba22ce8c753924998d6ba5a8439d6f37f54b066d84e31d1c91ee49d3",
      "compiled_nodes_count": 3
    },
    "SVE_L102_ZULIP_REJECTION_REPORT": {
      "lemma_id": "SVE_L102_ZULIP_REJECTION_REPORT",
      "structural_hash": "6e70e138ba22ce8c753924998d6ba5a8439d6f37f54b066d84e31d1c91ee49d3",
      "compiled_nodes_count": 3
    },
    "SVE_L047_auto_generated": {
      "lemma_id": "SVE_L047_auto_generated",
      "structural_hash": "6e70e138ba22ce8c753924998d6ba5a8439d6f37f54b066d84e31d1c91ee49d3",
      "compiled_nodes_count": 3
    },
    "SVE_L022_auto_generated": {
      "lemma_id": "SVE_L022_auto_generated",
      "structural_hash": "6e70e138ba22ce8c753924998d6ba5a8439d6f37f54b066d84e31d1c91ee49d3",
      "compiled_nodes_count": 3
    },
    "SVE_L3012_auto_generated": {
      "lemma_id": "SVE_L3012_auto_generated",
      "structural_hash": "6e70e138ba22ce8c753924998d6ba5a8439d6f37f54b066d84e31d1c91ee49d3",
      "compiled_nodes_count": 3
    },
    "SVE_L043_auto_generated": {
      "lemma_id": "SVE_L043_auto_generated",
      "structural_hash": "6e70e138ba22ce8c753924998d6ba5a8439d6f37f54b066d84e31d1c91ee49d3",
      "compiled_nodes_count": 3
    },
    "SVE_L099_auto_generated": {
      "lemma_id": "SVE_L099_auto_generated",
      "structural_hash": "6e70e138ba22ce8c753924998d6ba5a8439d6f37f54b066d84e31d1c91ee49d3",
      "compiled_nodes_count": 3
    },
    "SVE_L070_auto_generated": {
      "lemma_id": "SVE_L070_auto_generated",
      "structural_hash": "6e70e138ba22ce8c753924998d6ba5a8439d6f37f54b066d84e31d1c91ee49d3",
      "compiled_nodes_count": 3
    },
    "SVE_L403_slippery_slope": {
      "lemma_id": "SVE_L403_slippery_slope",
      "structural_hash": "6e70e138ba22ce8c753924998d6ba5a8439d6f37f54b066d84e31d1c91ee49d3",
      "compiled_nodes_count": 3
    },
    "SVE_L137_auto_generated": {
      "lemma_id": "SVE_L137_auto_generated",
      "structural_hash": "6e70e138ba22ce8c753924998d6ba5a8439d6f37f54b066d84e31d1c91ee49d3",
      "compiled_nodes_count": 3
    },
    "SVE_L067_auto_generated": {
      "lemma_id": "SVE_L067_auto_generated",
      "structural_hash": "6e70e138ba22ce8c753924998d6ba5a8439d6f37f54b066d84e31d1c91ee49d3",
      "compiled_nodes_count": 3
    },
    "SVE_L033_auto_generated": {
      "lemma_id": "SVE_L033_auto_generated",
      "structural_hash": "6e70e138ba22ce8c753924998d6ba5a8439d6f37f54b066d84e31d1c91ee49d3",
      "compiled_nodes_count": 3
    },
    "SVE_L004_auto_generated": {
      "lemma_id": "SVE_L004_auto_generated",
      "structural_hash": "6e70e138ba22ce8c753924998d6ba5a8439d6f37f54b066d84e31d1c91ee49d3",
      "compiled_nodes_count": 3
    },
    "SVE_L056_auto_generated": {
      "lemma_id": "SVE_L056_auto_generated",
      "structural_hash": "6e70e138ba22ce8c753924998d6ba5a8439d6f37f54b066d84e31d1c91ee49d3",
      "compiled_nodes_count": 3
    },
    "SVE_L052_auto_generated": {
      "lemma_id": "SVE_L052_auto_generated",
      "structural_hash": "6e70e138ba22ce8c753924998d6ba5a8439d6f37f54b066d84e31d1c91ee49d3",
      "compiled_nodes_count": 3
    },
    "SVE_L138_auto_generated": {
      "lemma_id": "SVE_L138_auto_generated",
      "structural_hash": "6e70e138ba22ce8c753924998d6ba5a8439d6f37f54b066d84e31d1c91ee49d3",
      "compiled_nodes_count": 3
    },
    "SVE_L088_auto_generated": {
      "lemma_id": "SVE_L088_auto_generated",
      "structural_hash": "6e70e138ba22ce8c753924998d6ba5a8439d6f37f54b066d84e31d1c91ee49d3",
      "compiled_nodes_count": 3
    },
    "SVE_L066_auto_generated": {
      "lemma_id": "SVE_L066_auto_generated",
      "structural_hash": "6e70e138ba22ce8c753924998d6ba5a8439d6f37f54b066d84e31d1c91ee49d3",
      "compiled_nodes_count": 3
    },
    "SVE_L146_auto_generated": {
      "lemma_id": "SVE_L146_auto_generated",
      "structural_hash": "6e70e138ba22ce8c753924998d6ba5a8439d6f37f54b066d84e31d1c91ee49d3",
      "compiled_nodes_count": 3
    },
    "SVE_L122_auto_generated": {
      "lemma_id": "SVE_L122_auto_generated",
      "structural_hash": "6e70e138ba22ce8c753924998d6ba5a8439d6f37f54b066d84e31d1c91ee49d3",
      "compiled_nodes_count": 3
    },
    "SVE_L032_auto_generated": {
      "lemma_id": "SVE_L032_auto_generated",
      "structural_hash": "6e70e138ba22ce8c753924998d6ba5a8439d6f37f54b066d84e31d1c91ee49d3",
      "compiled_nodes_count": 3
    },
    "SVE_L118_auto_generated": {
      "lemma_id": "SVE_L118_auto_generated",
      "structural_hash": "6e70e138ba22ce8c753924998d6ba5a8439d6f37f54b066d84e31d1c91ee49d3",
      "compiled_nodes_count": 3
    },
    "SVE_L096_auto_generated": {
      "lemma_id": "SVE_L096_auto_generated",
      "structural_hash": "6e70e138ba22ce8c753924998d6ba5a8439d6f37f54b066d84e31d1c91ee49d3",
      "compiled_nodes_count": 3
    },
    "LOGOS_001_accident": {
      "lemma_id": "LOGOS_001_accident",
      "structural_hash": "987496f21c721b8d0fbcd954d30608c78c590e75fbf387b01ed505c118420b08",
      "compiled_nodes_count": 3
    },
    "SVE_L114_auto_generated": {
      "lemma_id": "SVE_L114_auto_generated",
      "structural_hash": "6e70e138ba22ce8c753924998d6ba5a8439d6f37f54b066d84e31d1c91ee49d3",
      "compiled_nodes_count": 3
    },
    "SVE_L093_auto_generated": {
      "lemma_id": "SVE_L093_auto_generated",
      "structural_hash": "6e70e138ba22ce8c753924998d6ba5a8439d6f37f54b066d84e31d1c91ee49d3",
      "compiled_nodes_count": 3
    },
    "SVE_L017_auto_generated": {
      "lemma_id": "SVE_L017_auto_generated",
      "structural_hash": "6e70e138ba22ce8c753924998d6ba5a8439d6f37f54b066d84e31d1c91ee49d3",
      "compiled_nodes_count": 3
    },
    "SVE_L038_auto_generated": {
      "lemma_id": "SVE_L038_auto_generated",
      "structural_hash": "6e70e138ba22ce8c753924998d6ba5a8439d6f37f54b066d84e31d1c91ee49d3",
      "compiled_nodes_count": 3
    },
    "SVE_L019_auto_generated": {
      "lemma_id": "SVE_L019_auto_generated",
      "structural_hash": "6e70e138ba22ce8c753924998d6ba5a8439d6f37f54b066d84e31d1c91ee49d3",
      "compiled_nodes_count": 3
    },
    "SVE_L3023_auto_generated": {
      "lemma_id": "SVE_L3023_auto_generated",
      "structural_hash": "6e70e138ba22ce8c753924998d6ba5a8439d6f37f54b066d84e31d1c91ee49d3",
      "compiled_nodes_count": 3
    },
    "SVE_L002_auto_generated": {
      "lemma_id": "SVE_L002_auto_generated",
      "structural_hash": "6e70e138ba22ce8c753924998d6ba5a8439d6f37f54b066d84e31d1c91ee49d3",
      "compiled_nodes_count": 3
    },
    "SVE_L041_auto_generated": {
      "lemma_id": "SVE_L041_auto_generated",
      "structural_hash": "6e70e138ba22ce8c753924998d6ba5a8439d6f37f54b066d84e31d1c91ee49d3",
      "compiled_nodes_count": 3
    },
    "SVE_L058_auto_generated": {
      "lemma_id": "SVE_L058_auto_generated",
      "structural_hash": "6e70e138ba22ce8c753924998d6ba5a8439d6f37f54b066d84e31d1c91ee49d3",
      "compiled_nodes_count": 3
    },
    "SVE_L140_auto_generated": {
      "lemma_id": "SVE_L140_auto_generated",
      "structural_hash": "6e70e138ba22ce8c753924998d6ba5a8439d6f37f54b066d84e31d1c91ee49d3",
      "compiled_nodes_count": 3
    },
    "SVE_L097_auto_generated": {
      "lemma_id": "SVE_L097_auto_generated",
      "structural_hash": "6e70e138ba22ce8c753924998d6ba5a8439d6f37f54b066d84e31d1c91ee49d3",
      "compiled_nodes_count": 3
    },
    "SVE_L3022_auto_generated": {
      "lemma_id": "SVE_L3022_auto_generated",
      "structural_hash": "6e70e138ba22ce8c753924998d6ba5a8439d6f37f54b066d84e31d1c91ee49d3",
      "compiled_nodes_count": 3
    },
    "SVE_L065_auto_generated": {
      "lemma_id": "SVE_L065_auto_generated",
      "structural_hash": "6e70e138ba22ce8c753924998d6ba5a8439d6f37f54b066d84e31d1c91ee49d3",
      "compiled_nodes_count": 3
    }
  }
}